{
  "name": "kschema-fs-api-gen-post-actions",
  "version": "1.16.1",
  "lockfileVersion": 3,
  "requires": true,
  "packages": {
    "": {
      "name": "kschema-fs-api-gen-post-actions",
      "version": "1.16.1",
      "dependencies": {
        "express-fix-endpoints-post-js": "^1.3.3",
        "kschema-fs-api-gen-rest": "^1.8.6"
      }
    },
    "node_modules/express-fix-any-js": {
      "version": "1.5.3",
      "resolved": "https://registry.npmjs.org/express-fix-any-js/-/express-fix-any-js-1.5.3.tgz",
      "integrity": "sha512-5mpMex7sDUVtQbCx8QuERuox6/tAq802Z6n0IggJeVRsI6HoZb3oc+jD5WLcKqfWfASFWMk06EY6q65Q7eQGOQ==",
      "bin": {
        "express-fix-any-js": "bin/cli.js"
      }
    },
    "node_modules/express-fix-endpoints-post-js": {
      "version": "1.3.3",
      "resolved": "https://registry.npmjs.org/express-fix-endpoints-post-js/-/express-fix-endpoints-post-js-1.3.3.tgz",
      "integrity": "sha512-VC8V1yg3NLRc1MYGbNP1YzbG2w4pZcxHcM2/heOKpDCYqAZrKIS4SLAneCLAlzUGv2YUqXlpmFZdFB0V1ZcQyg==",
      "dependencies": {
        "express-fix-any-js": "^1.5.3"
      },
      "bin": {
        "express-fix-endpoints-post-js": "bin/cli.js"
      }
    },
    "node_modules/kschema-fs-api-gen-rest": {
      "version": "1.8.6",
      "resolved": "https://registry.npmjs.org/kschema-fs-api-gen-rest/-/kschema-fs-api-gen-rest-1.8.6.tgz",
      "integrity": "sha512-uY/ZTG4io71d6Uskw7RQwRGpX10vcGFe4GocNnOH7D1gzVzJ1YvScBKahCz/pe+U83rRZ5CSMATJiG49TagBZQ=="
    }
  }
}
